
Microsoft Visual Studio Solution File, Format Version 12.00
# Visual Studio Version 16
VisualStudioVersion = 16.0.30114.105
MinimumVisualStudioVersion = 10.0.40219.1
Project("{2150E333-8FDC-42A3-9474-1A3956D46DE8}") = "src", "src", "{B9CFE0CF-9029-4D0D-8BFD-3B62BAD6D086}"
EndProject
Project("{FAE04EC0-301F-11D3-BF4B-00C04F79EFBC}") = "Learn.Ddd.TaskTracker.Application", "src\Learn.Ddd.TaskTracker.Application\Learn.Ddd.TaskTracker.Application.csproj", "{13255EF2-4387-4C7C-82DC-003FEC9C16FF}"
EndProject
Project("{FAE04EC0-301F-11D3-BF4B-00C04F79EFBC}") = "Learn.Ddd.TaskTracker.Domain", "src\Learn.Ddd.TaskTracker.Domain\Learn.Ddd.TaskTracker.Domain.csproj", "{CF8FAA64-94B7-48F5-AA3A-D3020ADA3214}"
EndProject
Project("{FAE04EC0-301F-11D3-BF4B-00C04F79EFBC}") = "Learn.Ddd.TaskTracker.Infrastructure", "src\Learn.Ddd.TaskTracker.Infrastructure\Learn.Ddd.TaskTracker.Infrastructure.csproj", "{6F857B75-CB84-4421-A863-527926C6FE18}"
EndProject
Project("{FAE04EC0-301F-11D3-BF4B-00C04F79EFBC}") = "Learn.Ddd.TaskTracker.Api", "src\Learn.Ddd.TaskTracker.Api\Learn.Ddd.TaskTracker.Api.csproj", "{3128EE07-CD38-497E-B9B1-BC7F236E91BA}"
EndProject
Global
	GlobalSection(SolutionConfigurationPlatforms) = preSolution
		Debug|Any CPU = Debug|Any CPU
		Release|Any CPU = Release|Any CPU
	EndGlobalSection
	GlobalSection(SolutionProperties) = preSolution
		HideSolutionNode = FALSE
	EndGlobalSection
	GlobalSection(ProjectConfigurationPlatforms) = postSolution
		{13255EF2-4387-4C7C-82DC-003FEC9C16FF}.Debug|Any CPU.ActiveCfg = Debug|Any CPU
		{13255EF2-4387-4C7C-82DC-003FEC9C16FF}.Debug|Any CPU.Build.0 = Debug|Any CPU
		{13255EF2-4387-4C7C-82DC-003FEC9C16FF}.Release|Any CPU.ActiveCfg = Release|Any CPU
		{13255EF2-4387-4C7C-82DC-003FEC9C16FF}.Release|Any CPU.Build.0 = Release|Any CPU
		{CF8FAA64-94B7-48F5-AA3A-D3020ADA3214}.Debug|Any CPU.ActiveCfg = Debug|Any CPU
		{CF8FAA64-94B7-48F5-AA3A-D3020ADA3214}.Debug|Any CPU.Build.0 = Debug|Any CPU
		{CF8FAA64-94B7-48F5-AA3A-D3020ADA3214}.Release|Any CPU.ActiveCfg = Release|Any CPU
		{CF8FAA64-94B7-48F5-AA3A-D3020ADA3214}.Release|Any CPU.Build.0 = Release|Any CPU
		{6F857B75-CB84-4421-A863-527926C6FE18}.Debug|Any CPU.ActiveCfg = Debug|Any CPU
		{6F857B75-CB84-4421-A863-527926C6FE18}.Debug|Any CPU.Build.0 = Debug|Any CPU
		{6F857B75-CB84-4421-A863-527926C6FE18}.Release|Any CPU.ActiveCfg = Release|Any CPU
		{6F857B75-CB84-4421-A863-527926C6FE18}.Release|Any CPU.Build.0 = Release|Any CPU
		{3128EE07-CD38-497E-B9B1-BC7F236E91BA}.Debug|Any CPU.ActiveCfg = Debug|Any CPU
		{3128EE07-CD38-497E-B9B1-BC7F236E91BA}.Debug|Any CPU.Build.0 = Debug|Any CPU
		{3128EE07-CD38-497E-B9B1-BC7F236E91BA}.Release|Any CPU.ActiveCfg = Release|Any CPU
		{3128EE07-CD38-497E-B9B1-BC7F236E91BA}.Release|Any CPU.Build.0 = Release|Any CPU
	EndGlobalSection
	GlobalSection(NestedProjects) = preSolution
		{13255EF2-4387-4C7C-82DC-003FEC9C16FF} = {B9CFE0CF-9029-4D0D-8BFD-3B62BAD6D086}
		{CF8FAA64-94B7-48F5-AA3A-D3020ADA3214} = {B9CFE0CF-9029-4D0D-8BFD-3B62BAD6D086}
		{6F857B75-CB84-4421-A863-527926C6FE18} = {B9CFE0CF-9029-4D0D-8BFD-3B62BAD6D086}
		{3128EE07-CD38-497E-B9B1-BC7F236E91BA} = {B9CFE0CF-9029-4D0D-8BFD-3B62BAD6D086}
	EndGlobalSection
EndGlobal
